
Microsoft Visual Studio Solution File, Format Version 12.00
# Visual Studio Version 16
VisualStudioVersion = 16.0.30907.101
MinimumVisualStudioVersion = 10.0.40219.1
Project("{9A19103F-16F7-4668-BE54-9A1E7A4F7556}") = "DataAccess", "DataAccess\DataAccess.csproj", "{FA246B6D-D423-4508-94A9-1D5B8E292007}"
EndProject
Project("{9A19103F-16F7-4668-BE54-9A1E7A4F7556}") = "Entities", "Entities\Entities.csproj", "{B4EABDB8-9420-45E1-AC29-3C5F23DBECB9}"
EndProject
Project("{9A19103F-16F7-4668-BE54-9A1E7A4F7556}") = "Business", "Business\Business.csproj", "{D18F4B41-6EA2-46FC-9C7A-A6EB06A1D2B7}"
EndProject
Project("{9A19103F-16F7-4668-BE54-9A1E7A4F7556}") = "ConsoleUI", "ConsoleUI\ConsoleUI.csproj", "{7733E667-F27C-400A-9E93-060BA8E2C8AA}"
EndProject
Project("{FAE04EC0-301F-11D3-BF4B-00C04F79EFBC}") = "Core", "Core\Core.csproj", "{BEFF9554-98EF-47A0-BE3C-5D0EE5D7F609}"
EndProject
Global
	GlobalSection(SolutionConfigurationPlatforms) = preSolution
		Debug|Any CPU = Debug|Any CPU
		Release|Any CPU = Release|Any CPU
	EndGlobalSection
	GlobalSection(ProjectConfigurationPlatforms) = postSolution
		{FA246B6D-D423-4508-94A9-1D5B8E292007}.Debug|Any CPU.ActiveCfg = Debug|Any CPU
		{FA246B6D-D423-4508-94A9-1D5B8E292007}.Debug|Any CPU.Build.0 = Debug|Any CPU
		{FA246B6D-D423-4508-94A9-1D5B8E292007}.Release|Any CPU.ActiveCfg = Release|Any CPU
		{FA246B6D-D423-4508-94A9-1D5B8E292007}.Release|Any CPU.Build.0 = Release|Any CPU
		{B4EABDB8-9420-45E1-AC29-3C5F23DBECB9}.Debug|Any CPU.ActiveCfg = Debug|Any CPU
		{B4EABDB8-9420-45E1-AC29-3C5F23DBECB9}.Debug|Any CPU.Build.0 = Debug|Any CPU
		{B4EABDB8-9420-45E1-AC29-3C5F23DBECB9}.Release|Any CPU.ActiveCfg = Release|Any CPU
		{B4EABDB8-9420-45E1-AC29-3C5F23DBECB9}.Release|Any CPU.Build.0 = Release|Any CPU
		{D18F4B41-6EA2-46FC-9C7A-A6EB06A1D2B7}.Debug|Any CPU.ActiveCfg = Debug|Any CPU
		{D18F4B41-6EA2-46FC-9C7A-A6EB06A1D2B7}.Debug|Any CPU.Build.0 = Debug|Any CPU
		{D18F4B41-6EA2-46FC-9C7A-A6EB06A1D2B7}.Release|Any CPU.ActiveCfg = Release|Any CPU
		{D18F4B41-6EA2-46FC-9C7A-A6EB06A1D2B7}.Release|Any CPU.Build.0 = Release|Any CPU
		{7733E667-F27C-400A-9E93-060BA8E2C8AA}.Debug|Any CPU.ActiveCfg = Debug|Any CPU
		{7733E667-F27C-400A-9E93-060BA8E2C8AA}.Debug|Any CPU.Build.0 = Debug|Any CPU
		{7733E667-F27C-400A-9E93-060BA8E2C8AA}.Release|Any CPU.ActiveCfg = Release|Any CPU
		{7733E667-F27C-400A-9E93-060BA8E2C8AA}.Release|Any CPU.Build.0 = Release|Any CPU
		{BEFF9554-98EF-47A0-BE3C-5D0EE5D7F609}.Debug|Any CPU.ActiveCfg = Debug|Any CPU
		{BEFF9554-98EF-47A0-BE3C-5D0EE5D7F609}.Debug|Any CPU.Build.0 = Debug|Any CPU
		{BEFF9554-98EF-47A0-BE3C-5D0EE5D7F609}.Release|Any CPU.ActiveCfg = Release|Any CPU
		{BEFF9554-98EF-47A0-BE3C-5D0EE5D7F609}.Release|Any CPU.Build.0 = Release|Any CPU
	EndGlobalSection
	GlobalSection(SolutionProperties) = preSolution
		HideSolutionNode = FALSE
	EndGlobalSection
	GlobalSection(ExtensibilityGlobals) = postSolution
		SolutionGuid = {F8C79996-E470-4019-81D7-973079501D4D}
	EndGlobalSection
EndGlobal
